
Microsoft Visual Studio Solution File, Format Version 12.00
# Visual Studio Version 16
VisualStudioVersion = 16.0.30711.63
MinimumVisualStudioVersion = 10.0.40219.1
Project("{9A19103F-16F7-4668-BE54-9A1E7A4F7556}") = "PrjModule7", "PrjModule7\PrjModule7.csproj", "{3CE50BE2-AA55-4065-880B-05E871A64A55}"
EndProject
Project("{9A19103F-16F7-4668-BE54-9A1E7A4F7556}") = "OrganizationOfEnterprise", "OrganizationOfEnterprise\OrganizationOfEnterprise.csproj", "{5D38343A-FCAE-4563-A06C-2018C7329A96}"
EndProject
Project("{FAE04EC0-301F-11D3-BF4B-00C04F79EFBC}") = "OrganizationOfEnterprise.Tests", "OrganizationOfEnterprise.Tests\OrganizationOfEnterprise.Tests.csproj", "{C3842C0F-5496-48A8-AD29-D5343D98AC21}"
EndProject
Global
	GlobalSection(SolutionConfigurationPlatforms) = preSolution
		Debug|Any CPU = Debug|Any CPU
		Release|Any CPU = Release|Any CPU
	EndGlobalSection
	GlobalSection(ProjectConfigurationPlatforms) = postSolution
		{3CE50BE2-AA55-4065-880B-05E871A64A55}.Debug|Any CPU.ActiveCfg = Debug|Any CPU
		{3CE50BE2-AA55-4065-880B-05E871A64A55}.Debug|Any CPU.Build.0 = Debug|Any CPU
		{3CE50BE2-AA55-4065-880B-05E871A64A55}.Release|Any CPU.ActiveCfg = Release|Any CPU
		{3CE50BE2-AA55-4065-880B-05E871A64A55}.Release|Any CPU.Build.0 = Release|Any CPU
		{5D38343A-FCAE-4563-A06C-2018C7329A96}.Debug|Any CPU.ActiveCfg = Debug|Any CPU
		{5D38343A-FCAE-4563-A06C-2018C7329A96}.Debug|Any CPU.Build.0 = Debug|Any CPU
		{5D38343A-FCAE-4563-A06C-2018C7329A96}.Release|Any CPU.ActiveCfg = Release|Any CPU
		{5D38343A-FCAE-4563-A06C-2018C7329A96}.Release|Any CPU.Build.0 = Release|Any CPU
		{C3842C0F-5496-48A8-AD29-D5343D98AC21}.Debug|Any CPU.ActiveCfg = Debug|Any CPU
		{C3842C0F-5496-48A8-AD29-D5343D98AC21}.Debug|Any CPU.Build.0 = Debug|Any CPU
		{C3842C0F-5496-48A8-AD29-D5343D98AC21}.Release|Any CPU.ActiveCfg = Release|Any CPU
		{C3842C0F-5496-48A8-AD29-D5343D98AC21}.Release|Any CPU.Build.0 = Release|Any CPU
	EndGlobalSection
	GlobalSection(SolutionProperties) = preSolution
		HideSolutionNode = FALSE
	EndGlobalSection
	GlobalSection(ExtensibilityGlobals) = postSolution
		SolutionGuid = {30AE5863-AF2D-4238-8D6F-7DDD2BE95D75}
	EndGlobalSection
EndGlobal
